
Microsoft Visual Studio Solution File, Format Version 12.00
# Visual Studio Version 17
VisualStudioVersion = 17.0.32126.317
MinimumVisualStudioVersion = 10.0.40219.1
Project("{9A19103F-16F7-4668-BE54-9A1E7A4F7556}") = "DiagCom.RestApi", "DiagCom.RestApi\DiagCom.RestApi.csproj", "{49CFC803-7C31-44C5-BCA1-5DDDBAC370D4}"
EndProject
Project("{9A19103F-16F7-4668-BE54-9A1E7A4F7556}") = "DiagCom.Commands", "DiagCom.Commands\DiagCom.Commands.csproj", "{3CC66970-D1E1-43DA-93ED-38C65F41FC96}"
EndProject
Project("{9A19103F-16F7-4668-BE54-9A1E7A4F7556}") = "DiagCom.Doip", "DiagCom.Doip\DiagCom.Doip.csproj", "{41B5B0FE-278B-4CF7-9975-2101432CEF82}"
EndProject
Project("{9A19103F-16F7-4668-BE54-9A1E7A4F7556}") = "Utilities", "Utilities\Utilities.csproj", "{4FDC456B-134E-4C00-B00E-FB3113E05B33}"
EndProject
Project("{9A19103F-16F7-4668-BE54-9A1E7A4F7556}") = "Logging", "Logging\Logging.csproj", "{955C9377-B739-4C56-82A7-4EF9B2D0564A}"
EndProject
Project("{930C7802-8A8C-48F9-8165-68863BCCD9DD}") = "DiagComSetup", "DiagComSetup\DiagComSetup.wixproj", "{E61F8967-2939-4989-B50E-AF89248D5472}"
EndProject
Project("{FAE04EC0-301F-11D3-BF4B-00C04F79EFBC}") = "CustomActions", "CustomActions\CustomActions.csproj", "{227E47EF-C716-4905-A61C-518ED9B21F41}"
EndProject
Project("{9A19103F-16F7-4668-BE54-9A1E7A4F7556}") = "DiagCom.Uds", "DiagCom.Uds\DiagCom.Uds.csproj", "{B9C76135-62D3-4F21-86C6-F095D5225AB8}"
EndProject
Project("{9A19103F-16F7-4668-BE54-9A1E7A4F7556}") = "DiagCom.Doip.Tests", "DiagCom.Doip.Tests\DiagCom.Doip.Tests.csproj", "{855452D2-18ED-4EDB-998A-66C07C298E5E}"
EndProject
Project("{9A19103F-16F7-4668-BE54-9A1E7A4F7556}") = "Utilities.Test", "Utilities.Test\Utilities.Test.csproj", "{58599603-076C-431B-B800-8DCD426AD9A8}"
EndProject
Project("{9A19103F-16F7-4668-BE54-9A1E7A4F7556}") = "DiagCom.LocalCommunication", "DiagCom.LocalCommunication\DiagCom.LocalCommunication.csproj", "{8B53EB3A-8F54-4A96-8A14-932BFC61C145}"
EndProject
Global
	GlobalSection(SolutionConfigurationPlatforms) = preSolution
		Debug|Any CPU = Debug|Any CPU
		Debug|x64 = Debug|x64
		Debug|x86 = Debug|x86
		DiagCom|Any CPU = DiagCom|Any CPU
		DiagCom|x64 = DiagCom|x64
		DiagCom|x86 = DiagCom|x86
		Release|Any CPU = Release|Any CPU
		Release|x64 = Release|x64
		Release|x86 = Release|x86
	EndGlobalSection
	GlobalSection(ProjectConfigurationPlatforms) = postSolution
		{49CFC803-7C31-44C5-BCA1-5DDDBAC370D4}.Debug|Any CPU.ActiveCfg = Debug|Any CPU
		{49CFC803-7C31-44C5-BCA1-5DDDBAC370D4}.Debug|Any CPU.Build.0 = Debug|Any CPU
		{49CFC803-7C31-44C5-BCA1-5DDDBAC370D4}.Debug|x64.ActiveCfg = Debug|Any CPU
		{49CFC803-7C31-44C5-BCA1-5DDDBAC370D4}.Debug|x64.Build.0 = Debug|Any CPU
		{49CFC803-7C31-44C5-BCA1-5DDDBAC370D4}.Debug|x86.ActiveCfg = Debug|Any CPU
		{49CFC803-7C31-44C5-BCA1-5DDDBAC370D4}.Debug|x86.Build.0 = Debug|Any CPU
		{49CFC803-7C31-44C5-BCA1-5DDDBAC370D4}.DiagCom|Any CPU.ActiveCfg = Debug|Any CPU
		{49CFC803-7C31-44C5-BCA1-5DDDBAC370D4}.DiagCom|Any CPU.Build.0 = Debug|Any CPU
		{49CFC803-7C31-44C5-BCA1-5DDDBAC370D4}.DiagCom|x64.ActiveCfg = Release|Any CPU
		{49CFC803-7C31-44C5-BCA1-5DDDBAC370D4}.DiagCom|x64.Build.0 = Release|Any CPU
		{49CFC803-7C31-44C5-BCA1-5DDDBAC370D4}.DiagCom|x86.ActiveCfg = Release|Any CPU
		{49CFC803-7C31-44C5-BCA1-5DDDBAC370D4}.DiagCom|x86.Build.0 = Release|Any CPU
		{49CFC803-7C31-44C5-BCA1-5DDDBAC370D4}.Release|Any CPU.ActiveCfg = Release|Any CPU
		{49CFC803-7C31-44C5-BCA1-5DDDBAC370D4}.Release|Any CPU.Build.0 = Release|Any CPU
		{49CFC803-7C31-44C5-BCA1-5DDDBAC370D4}.Release|x64.ActiveCfg = Release|Any CPU
		{49CFC803-7C31-44C5-BCA1-5DDDBAC370D4}.Release|x64.Build.0 = Release|Any CPU
		{49CFC803-7C31-44C5-BCA1-5DDDBAC370D4}.Release|x86.ActiveCfg = Release|Any CPU
		{49CFC803-7C31-44C5-BCA1-5DDDBAC370D4}.Release|x86.Build.0 = Release|Any CPU
		{3CC66970-D1E1-43DA-93ED-38C65F41FC96}.Debug|Any CPU.ActiveCfg = Debug|Any CPU
		{3CC66970-D1E1-43DA-93ED-38C65F41FC96}.Debug|Any CPU.Build.0 = Debug|Any CPU
		{3CC66970-D1E1-43DA-93ED-38C65F41FC96}.Debug|x64.ActiveCfg = Debug|Any CPU
		{3CC66970-D1E1-43DA-93ED-38C65F41FC96}.Debug|x64.Build.0 = Debug|Any CPU
		{3CC66970-D1E1-43DA-93ED-38C65F41FC96}.Debug|x86.ActiveCfg = Debug|Any CPU
		{3CC66970-D1E1-43DA-93ED-38C65F41FC96}.Debug|x86.Build.0 = Debug|Any CPU
		{3CC66970-D1E1-43DA-93ED-38C65F41FC96}.DiagCom|Any CPU.ActiveCfg = Debug|Any CPU
		{3CC66970-D1E1-43DA-93ED-38C65F41FC96}.DiagCom|Any CPU.Build.0 = Debug|Any CPU
		{3CC66970-D1E1-43DA-93ED-38C65F41FC96}.DiagCom|x64.ActiveCfg = Release|Any CPU
		{3CC66970-D1E1-43DA-93ED-38C65F41FC96}.DiagCom|x64.Build.0 = Release|Any CPU
		{3CC66970-D1E1-43DA-93ED-38C65F41FC96}.DiagCom|x86.ActiveCfg = Release|Any CPU
		{3CC66970-D1E1-43DA-93ED-38C65F41FC96}.DiagCom|x86.Build.0 = Release|Any CPU
		{3CC66970-D1E1-43DA-93ED-38C65F41FC96}.Release|Any CPU.ActiveCfg = Release|Any CPU
		{3CC66970-D1E1-43DA-93ED-38C65F41FC96}.Release|Any CPU.Build.0 = Release|Any CPU
		{3CC66970-D1E1-43DA-93ED-38C65F41FC96}.Release|x64.ActiveCfg = Release|Any CPU
		{3CC66970-D1E1-43DA-93ED-38C65F41FC96}.Release|x64.Build.0 = Release|Any CPU
		{3CC66970-D1E1-43DA-93ED-38C65F41FC96}.Release|x86.ActiveCfg = Release|Any CPU
		{3CC66970-D1E1-43DA-93ED-38C65F41FC96}.Release|x86.Build.0 = Release|Any CPU
		{41B5B0FE-278B-4CF7-9975-2101432CEF82}.Debug|Any CPU.ActiveCfg = Debug|Any CPU
		{41B5B0FE-278B-4CF7-9975-2101432CEF82}.Debug|Any CPU.Build.0 = Debug|Any CPU
		{41B5B0FE-278B-4CF7-9975-2101432CEF82}.Debug|x64.ActiveCfg = Debug|Any CPU
		{41B5B0FE-278B-4CF7-9975-2101432CEF82}.Debug|x64.Build.0 = Debug|Any CPU
		{41B5B0FE-278B-4CF7-9975-2101432CEF82}.Debug|x86.ActiveCfg = Debug|Any CPU
		{41B5B0FE-278B-4CF7-9975-2101432CEF82}.Debug|x86.Build.0 = Debug|Any CPU
		{41B5B0FE-278B-4CF7-9975-2101432CEF82}.DiagCom|Any CPU.ActiveCfg = Debug|Any CPU
		{41B5B0FE-278B-4CF7-9975-2101432CEF82}.DiagCom|Any CPU.Build.0 = Debug|Any CPU
		{41B5B0FE-278B-4CF7-9975-2101432CEF82}.DiagCom|x64.ActiveCfg = Release|Any CPU
		{41B5B0FE-278B-4CF7-9975-2101432CEF82}.DiagCom|x64.Build.0 = Release|Any CPU
		{41B5B0FE-278B-4CF7-9975-2101432CEF82}.DiagCom|x86.ActiveCfg = Release|Any CPU
		{41B5B0FE-278B-4CF7-9975-2101432CEF82}.DiagCom|x86.Build.0 = Release|Any CPU
		{41B5B0FE-278B-4CF7-9975-2101432CEF82}.Release|Any CPU.ActiveCfg = Release|Any CPU
		{41B5B0FE-278B-4CF7-9975-2101432CEF82}.Release|Any CPU.Build.0 = Release|Any CPU
		{41B5B0FE-278B-4CF7-9975-2101432CEF82}.Release|x64.ActiveCfg = Release|Any CPU
		{41B5B0FE-278B-4CF7-9975-2101432CEF82}.Release|x64.Build.0 = Release|Any CPU
		{41B5B0FE-278B-4CF7-9975-2101432CEF82}.Release|x86.ActiveCfg = Release|Any CPU
		{41B5B0FE-278B-4CF7-9975-2101432CEF82}.Release|x86.Build.0 = Release|Any CPU
		{4FDC456B-134E-4C00-B00E-FB3113E05B33}.Debug|Any CPU.ActiveCfg = Debug|Any CPU
		{4FDC456B-134E-4C00-B00E-FB3113E05B33}.Debug|Any CPU.Build.0 = Debug|Any CPU
		{4FDC456B-134E-4C00-B00E-FB3113E05B33}.Debug|x64.ActiveCfg = Debug|Any CPU
		{4FDC456B-134E-4C00-B00E-FB3113E05B33}.Debug|x64.Build.0 = Debug|Any CPU
		{4FDC456B-134E-4C00-B00E-FB3113E05B33}.Debug|x86.ActiveCfg = Debug|Any CPU
		{4FDC456B-134E-4C00-B00E-FB3113E05B33}.Debug|x86.Build.0 = Debug|Any CPU
		{4FDC456B-134E-4C00-B00E-FB3113E05B33}.DiagCom|Any CPU.ActiveCfg = Debug|Any CPU
		{4FDC456B-134E-4C00-B00E-FB3113E05B33}.DiagCom|Any CPU.Build.0 = Debug|Any CPU
		{4FDC456B-134E-4C00-B00E-FB3113E05B33}.DiagCom|x64.ActiveCfg = Release|Any CPU
		{4FDC456B-134E-4C00-B00E-FB3113E05B33}.DiagCom|x64.Build.0 = Release|Any CPU
		{4FDC456B-134E-4C00-B00E-FB3113E05B33}.DiagCom|x86.ActiveCfg = Release|Any CPU
		{4FDC456B-134E-4C00-B00E-FB3113E05B33}.DiagCom|x86.Build.0 = Release|Any CPU
		{4FDC456B-134E-4C00-B00E-FB3113E05B33}.Release|Any CPU.ActiveCfg = Release|Any CPU
		{4FDC456B-134E-4C00-B00E-FB3113E05B33}.Release|Any CPU.Build.0 = Release|Any CPU
		{4FDC456B-134E-4C00-B00E-FB3113E05B33}.Release|x64.ActiveCfg = Release|Any CPU
		{4FDC456B-134E-4C00-B00E-FB3113E05B33}.Release|x64.Build.0 = Release|Any CPU
		{4FDC456B-134E-4C00-B00E-FB3113E05B33}.Release|x86.ActiveCfg = Release|Any CPU
		{4FDC456B-134E-4C00-B00E-FB3113E05B33}.Release|x86.Build.0 = Release|Any CPU
		{955C9377-B739-4C56-82A7-4EF9B2D0564A}.Debug|Any CPU.ActiveCfg = Debug|Any CPU
		{955C9377-B739-4C56-82A7-4EF9B2D0564A}.Debug|Any CPU.Build.0 = Debug|Any CPU
		{955C9377-B739-4C56-82A7-4EF9B2D0564A}.Debug|x64.ActiveCfg = Debug|Any CPU
		{955C9377-B739-4C56-82A7-4EF9B2D0564A}.Debug|x64.Build.0 = Debug|Any CPU
		{955C9377-B739-4C56-82A7-4EF9B2D0564A}.Debug|x86.ActiveCfg = Debug|Any CPU
		{955C9377-B739-4C56-82A7-4EF9B2D0564A}.Debug|x86.Build.0 = Debug|Any CPU
		{955C9377-B739-4C56-82A7-4EF9B2D0564A}.DiagCom|Any CPU.ActiveCfg = Debug|Any CPU
		{955C9377-B739-4C56-82A7-4EF9B2D0564A}.DiagCom|Any CPU.Build.0 = Debug|Any CPU
		{955C9377-B739-4C56-82A7-4EF9B2D0564A}.DiagCom|x64.ActiveCfg = Release|Any CPU
		{955C9377-B739-4C56-82A7-4EF9B2D0564A}.DiagCom|x64.Build.0 = Release|Any CPU
		{955C9377-B739-4C56-82A7-4EF9B2D0564A}.DiagCom|x86.ActiveCfg = Release|Any CPU
		{955C9377-B739-4C56-82A7-4EF9B2D0564A}.DiagCom|x86.Build.0 = Release|Any CPU
		{955C9377-B739-4C56-82A7-4EF9B2D0564A}.Release|Any CPU.ActiveCfg = Release|Any CPU
		{955C9377-B739-4C56-82A7-4EF9B2D0564A}.Release|Any CPU.Build.0 = Release|Any CPU
		{955C9377-B739-4C56-82A7-4EF9B2D0564A}.Release|x64.ActiveCfg = Release|Any CPU
		{955C9377-B739-4C56-82A7-4EF9B2D0564A}.Release|x64.Build.0 = Release|Any CPU
		{955C9377-B739-4C56-82A7-4EF9B2D0564A}.Release|x86.ActiveCfg = Release|Any CPU
		{955C9377-B739-4C56-82A7-4EF9B2D0564A}.Release|x86.Build.0 = Release|Any CPU
		{E61F8967-2939-4989-B50E-AF89248D5472}.Debug|Any CPU.ActiveCfg = Debug|x86
		{E61F8967-2939-4989-B50E-AF89248D5472}.Debug|Any CPU.Build.0 = Debug|x86
		{E61F8967-2939-4989-B50E-AF89248D5472}.Debug|x64.ActiveCfg = Debug|x86
		{E61F8967-2939-4989-B50E-AF89248D5472}.Debug|x64.Build.0 = Debug|x86
		{E61F8967-2939-4989-B50E-AF89248D5472}.Debug|x86.ActiveCfg = Debug|x86
		{E61F8967-2939-4989-B50E-AF89248D5472}.Debug|x86.Build.0 = Debug|x86
		{E61F8967-2939-4989-B50E-AF89248D5472}.DiagCom|Any CPU.ActiveCfg = Debug|x86
		{E61F8967-2939-4989-B50E-AF89248D5472}.DiagCom|Any CPU.Build.0 = Debug|x86
		{E61F8967-2939-4989-B50E-AF89248D5472}.DiagCom|x64.ActiveCfg = Debug|x86
		{E61F8967-2939-4989-B50E-AF89248D5472}.DiagCom|x64.Build.0 = Debug|x86
		{E61F8967-2939-4989-B50E-AF89248D5472}.DiagCom|x86.ActiveCfg = Debug|x86
		{E61F8967-2939-4989-B50E-AF89248D5472}.DiagCom|x86.Build.0 = Debug|x86
		{E61F8967-2939-4989-B50E-AF89248D5472}.Release|Any CPU.ActiveCfg = Release|x86
		{E61F8967-2939-4989-B50E-AF89248D5472}.Release|Any CPU.Build.0 = Release|x86
		{E61F8967-2939-4989-B50E-AF89248D5472}.Release|x64.ActiveCfg = Release|x86
		{E61F8967-2939-4989-B50E-AF89248D5472}.Release|x64.Build.0 = Release|x86
		{E61F8967-2939-4989-B50E-AF89248D5472}.Release|x86.ActiveCfg = Release|x86
		{E61F8967-2939-4989-B50E-AF89248D5472}.Release|x86.Build.0 = Release|x86
		{227E47EF-C716-4905-A61C-518ED9B21F41}.Debug|Any CPU.ActiveCfg = Debug|x86
		{227E47EF-C716-4905-A61C-518ED9B21F41}.Debug|x64.ActiveCfg = Debug|x86
		{227E47EF-C716-4905-A61C-518ED9B21F41}.Debug|x64.Build.0 = Debug|x86
		{227E47EF-C716-4905-A61C-518ED9B21F41}.Debug|x86.ActiveCfg = Debug|x86
		{227E47EF-C716-4905-A61C-518ED9B21F41}.Debug|x86.Build.0 = Debug|x86
		{227E47EF-C716-4905-A61C-518ED9B21F41}.DiagCom|Any CPU.ActiveCfg = Debug|x86
		{227E47EF-C716-4905-A61C-518ED9B21F41}.DiagCom|x64.ActiveCfg = Debug|x86
		{227E47EF-C716-4905-A61C-518ED9B21F41}.DiagCom|x64.Build.0 = Debug|x86
		{227E47EF-C716-4905-A61C-518ED9B21F41}.DiagCom|x86.ActiveCfg = Debug|x86
		{227E47EF-C716-4905-A61C-518ED9B21F41}.DiagCom|x86.Build.0 = Debug|x86
		{227E47EF-C716-4905-A61C-518ED9B21F41}.Release|Any CPU.ActiveCfg = Release|x86
		{227E47EF-C716-4905-A61C-518ED9B21F41}.Release|x64.ActiveCfg = Release|x86
		{227E47EF-C716-4905-A61C-518ED9B21F41}.Release|x86.ActiveCfg = Release|x86
		{B9C76135-62D3-4F21-86C6-F095D5225AB8}.Debug|Any CPU.ActiveCfg = Debug|Any CPU
		{B9C76135-62D3-4F21-86C6-F095D5225AB8}.Debug|Any CPU.Build.0 = Debug|Any CPU
		{B9C76135-62D3-4F21-86C6-F095D5225AB8}.Debug|x64.ActiveCfg = Debug|Any CPU
		{B9C76135-62D3-4F21-86C6-F095D5225AB8}.Debug|x64.Build.0 = Debug|Any CPU
		{B9C76135-62D3-4F21-86C6-F095D5225AB8}.Debug|x86.ActiveCfg = Debug|Any CPU
		{B9C76135-62D3-4F21-86C6-F095D5225AB8}.Debug|x86.Build.0 = Debug|Any CPU
		{B9C76135-62D3-4F21-86C6-F095D5225AB8}.DiagCom|Any CPU.ActiveCfg = Debug|Any CPU
		{B9C76135-62D3-4F21-86C6-F095D5225AB8}.DiagCom|Any CPU.Build.0 = Debug|Any CPU
		{B9C76135-62D3-4F21-86C6-F095D5225AB8}.DiagCom|x64.ActiveCfg = Release|Any CPU
		{B9C76135-62D3-4F21-86C6-F095D5225AB8}.DiagCom|x64.Build.0 = Release|Any CPU
		{B9C76135-62D3-4F21-86C6-F095D5225AB8}.DiagCom|x86.ActiveCfg = Release|Any CPU
		{B9C76135-62D3-4F21-86C6-F095D5225AB8}.DiagCom|x86.Build.0 = Release|Any CPU
		{B9C76135-62D3-4F21-86C6-F095D5225AB8}.Release|Any CPU.ActiveCfg = Release|Any CPU
		{B9C76135-62D3-4F21-86C6-F095D5225AB8}.Release|Any CPU.Build.0 = Release|Any CPU
		{B9C76135-62D3-4F21-86C6-F095D5225AB8}.Release|x64.ActiveCfg = Release|Any CPU
		{B9C76135-62D3-4F21-86C6-F095D5225AB8}.Release|x64.Build.0 = Release|Any CPU
		{B9C76135-62D3-4F21-86C6-F095D5225AB8}.Release|x86.ActiveCfg = Release|Any CPU
		{B9C76135-62D3-4F21-86C6-F095D5225AB8}.Release|x86.Build.0 = Release|Any CPU
		{855452D2-18ED-4EDB-998A-66C07C298E5E}.Debug|Any CPU.ActiveCfg = Debug|Any CPU
		{855452D2-18ED-4EDB-998A-66C07C298E5E}.Debug|Any CPU.Build.0 = Debug|Any CPU
		{855452D2-18ED-4EDB-998A-66C07C298E5E}.Debug|x64.ActiveCfg = Debug|Any CPU
		{855452D2-18ED-4EDB-998A-66C07C298E5E}.Debug|x64.Build.0 = Debug|Any CPU
		{855452D2-18ED-4EDB-998A-66C07C298E5E}.Debug|x86.ActiveCfg = Debug|Any CPU
		{855452D2-18ED-4EDB-998A-66C07C298E5E}.Debug|x86.Build.0 = Debug|Any CPU
		{855452D2-18ED-4EDB-998A-66C07C298E5E}.DiagCom|Any CPU.ActiveCfg = Debug|Any CPU
		{855452D2-18ED-4EDB-998A-66C07C298E5E}.DiagCom|Any CPU.Build.0 = Debug|Any CPU
		{855452D2-18ED-4EDB-998A-66C07C298E5E}.DiagCom|x64.ActiveCfg = Release|Any CPU
		{855452D2-18ED-4EDB-998A-66C07C298E5E}.DiagCom|x64.Build.0 = Release|Any CPU
		{855452D2-18ED-4EDB-998A-66C07C298E5E}.DiagCom|x86.ActiveCfg = Release|Any CPU
		{855452D2-18ED-4EDB-998A-66C07C298E5E}.DiagCom|x86.Build.0 = Release|Any CPU
		{855452D2-18ED-4EDB-998A-66C07C298E5E}.Release|Any CPU.ActiveCfg = Release|Any CPU
		{855452D2-18ED-4EDB-998A-66C07C298E5E}.Release|Any CPU.Build.0 = Release|Any CPU
		{855452D2-18ED-4EDB-998A-66C07C298E5E}.Release|x64.ActiveCfg = Release|Any CPU
		{855452D2-18ED-4EDB-998A-66C07C298E5E}.Release|x64.Build.0 = Release|Any CPU
		{855452D2-18ED-4EDB-998A-66C07C298E5E}.Release|x86.ActiveCfg = Release|Any CPU
		{855452D2-18ED-4EDB-998A-66C07C298E5E}.Release|x86.Build.0 = Release|Any CPU
		{58599603-076C-431B-B800-8DCD426AD9A8}.Debug|Any CPU.ActiveCfg = Debug|Any CPU
		{58599603-076C-431B-B800-8DCD426AD9A8}.Debug|Any CPU.Build.0 = Debug|Any CPU
		{58599603-076C-431B-B800-8DCD426AD9A8}.Debug|x64.ActiveCfg = Debug|Any CPU
		{58599603-076C-431B-B800-8DCD426AD9A8}.Debug|x64.Build.0 = Debug|Any CPU
		{58599603-076C-431B-B800-8DCD426AD9A8}.Debug|x86.ActiveCfg = Debug|Any CPU
		{58599603-076C-431B-B800-8DCD426AD9A8}.Debug|x86.Build.0 = Debug|Any CPU
		{58599603-076C-431B-B800-8DCD426AD9A8}.DiagCom|Any CPU.ActiveCfg = Debug|Any CPU
		{58599603-076C-431B-B800-8DCD426AD9A8}.DiagCom|Any CPU.Build.0 = Debug|Any CPU
		{58599603-076C-431B-B800-8DCD426AD9A8}.DiagCom|x64.ActiveCfg = Debug|Any CPU
		{58599603-076C-431B-B800-8DCD426AD9A8}.DiagCom|x64.Build.0 = Debug|Any CPU
		{58599603-076C-431B-B800-8DCD426AD9A8}.DiagCom|x86.ActiveCfg = Debug|Any CPU
		{58599603-076C-431B-B800-8DCD426AD9A8}.DiagCom|x86.Build.0 = Debug|Any CPU
		{58599603-076C-431B-B800-8DCD426AD9A8}.Release|Any CPU.ActiveCfg = Release|Any CPU
		{58599603-076C-431B-B800-8DCD426AD9A8}.Release|Any CPU.Build.0 = Release|Any CPU
		{58599603-076C-431B-B800-8DCD426AD9A8}.Release|x64.ActiveCfg = Release|Any CPU
		{58599603-076C-431B-B800-8DCD426AD9A8}.Release|x64.Build.0 = Release|Any CPU
		{58599603-076C-431B-B800-8DCD426AD9A8}.Release|x86.ActiveCfg = Release|Any CPU
		{58599603-076C-431B-B800-8DCD426AD9A8}.Release|x86.Build.0 = Release|Any CPU
		{8B53EB3A-8F54-4A96-8A14-932BFC61C145}.Debug|Any CPU.ActiveCfg = Debug|Any CPU
		{8B53EB3A-8F54-4A96-8A14-932BFC61C145}.Debug|Any CPU.Build.0 = Debug|Any CPU
		{8B53EB3A-8F54-4A96-8A14-932BFC61C145}.Debug|x64.ActiveCfg = Debug|Any CPU
		{8B53EB3A-8F54-4A96-8A14-932BFC61C145}.Debug|x64.Build.0 = Debug|Any CPU
		{8B53EB3A-8F54-4A96-8A14-932BFC61C145}.Debug|x86.ActiveCfg = Debug|Any CPU
		{8B53EB3A-8F54-4A96-8A14-932BFC61C145}.Debug|x86.Build.0 = Debug|Any CPU
		{8B53EB3A-8F54-4A96-8A14-932BFC61C145}.DiagCom|Any CPU.ActiveCfg = Debug|Any CPU
		{8B53EB3A-8F54-4A96-8A14-932BFC61C145}.DiagCom|Any CPU.Build.0 = Debug|Any CPU
		{8B53EB3A-8F54-4A96-8A14-932BFC61C145}.DiagCom|x64.ActiveCfg = Debug|Any CPU
		{8B53EB3A-8F54-4A96-8A14-932BFC61C145}.DiagCom|x64.Build.0 = Debug|Any CPU
		{8B53EB3A-8F54-4A96-8A14-932BFC61C145}.DiagCom|x86.ActiveCfg = Debug|Any CPU
		{8B53EB3A-8F54-4A96-8A14-932BFC61C145}.DiagCom|x86.Build.0 = Debug|Any CPU
		{8B53EB3A-8F54-4A96-8A14-932BFC61C145}.Release|Any CPU.ActiveCfg = Release|Any CPU
		{8B53EB3A-8F54-4A96-8A14-932BFC61C145}.Release|Any CPU.Build.0 = Release|Any CPU
		{8B53EB3A-8F54-4A96-8A14-932BFC61C145}.Release|x64.ActiveCfg = Release|Any CPU
		{8B53EB3A-8F54-4A96-8A14-932BFC61C145}.Release|x64.Build.0 = Release|Any CPU
		{8B53EB3A-8F54-4A96-8A14-932BFC61C145}.Release|x86.ActiveCfg = Release|Any CPU
		{8B53EB3A-8F54-4A96-8A14-932BFC61C145}.Release|x86.Build.0 = Release|Any CPU
	EndGlobalSection
	GlobalSection(SolutionProperties) = preSolution
		HideSolutionNode = FALSE
	EndGlobalSection
	GlobalSection(ExtensibilityGlobals) = postSolution
		SolutionGuid = {B7652586-F1FC-47A9-A512-01598E7514E9}
	EndGlobalSection
EndGlobal
